
Microsoft Visual Studio Solution File, Format Version 12.00
# Visual Studio 14
VisualStudioVersion = 14.0.25420.1
MinimumVisualStudioVersion = 10.0.40219.1
Project("{2150E333-8FDC-42A3-9474-1A3956D46DE8}") = "src", "src", "{3C9B877D-E07E-43F7-9441-BF789CBF171A}"
EndProject
Project("{2150E333-8FDC-42A3-9474-1A3956D46DE8}") = "Solution Items", "Solution Items", "{F9B81F71-5FEC-4D5E-9F85-D7EBD36D5E16}"
	ProjectSection(SolutionItems) = preProject
		global.json = global.json
	EndProjectSection
EndProject
Project("{8BB2217D-0F2D-49D1-97BC-3654ED321F3B}") = "MvcMovie", "src\MvcMovie\MvcMovie.xproj", "{97B2291A-EEA7-4298-B3EE-51EF17297D0A}"
EndProject
Project("{8BB2217D-0F2D-49D1-97BC-3654ED321F3B}") = "MovieApi", "..\..\TodoApi\src\TodoApi\MovieApi.xproj", "{1CAD23AC-24EB-49CF-BC15-80C551955F55}"
EndProject
Global
	GlobalSection(SolutionConfigurationPlatforms) = preSolution
		Debug|Any CPU = Debug|Any CPU
		Release|Any CPU = Release|Any CPU
	EndGlobalSection
	GlobalSection(ProjectConfigurationPlatforms) = postSolution
		{97B2291A-EEA7-4298-B3EE-51EF17297D0A}.Debug|Any CPU.ActiveCfg = Debug|Any CPU
		{97B2291A-EEA7-4298-B3EE-51EF17297D0A}.Debug|Any CPU.Build.0 = Debug|Any CPU
		{97B2291A-EEA7-4298-B3EE-51EF17297D0A}.Release|Any CPU.ActiveCfg = Release|Any CPU
		{97B2291A-EEA7-4298-B3EE-51EF17297D0A}.Release|Any CPU.Build.0 = Release|Any CPU
		{1CAD23AC-24EB-49CF-BC15-80C551955F55}.Debug|Any CPU.ActiveCfg = Debug|Any CPU
		{1CAD23AC-24EB-49CF-BC15-80C551955F55}.Debug|Any CPU.Build.0 = Debug|Any CPU
		{1CAD23AC-24EB-49CF-BC15-80C551955F55}.Release|Any CPU.ActiveCfg = Release|Any CPU
		{1CAD23AC-24EB-49CF-BC15-80C551955F55}.Release|Any CPU.Build.0 = Release|Any CPU
	EndGlobalSection
	GlobalSection(SolutionProperties) = preSolution
		HideSolutionNode = FALSE
	EndGlobalSection
	GlobalSection(NestedProjects) = preSolution
		{97B2291A-EEA7-4298-B3EE-51EF17297D0A} = {3C9B877D-E07E-43F7-9441-BF789CBF171A}
		{1CAD23AC-24EB-49CF-BC15-80C551955F55} = {3C9B877D-E07E-43F7-9441-BF789CBF171A}
	EndGlobalSection
EndGlobal
